
Microsoft Visual Studio Solution File, Format Version 12.00
# Visual Studio Version 17
VisualStudioVersion = 17.7.34031.279
MinimumVisualStudioVersion = 10.0.40219.1
Project("{FAE04EC0-301F-11D3-BF4B-00C04F79EFBC}") = "AssistedProject25", "AssistedProject25.csproj", "{304F2A22-F7C6-4FF9-A0C3-056B205551EE}"
EndProject
Global
	GlobalSection(SolutionConfigurationPlatforms) = preSolution
		Debug|Any CPU = Debug|Any CPU
		Release|Any CPU = Release|Any CPU
	EndGlobalSection
	GlobalSection(ProjectConfigurationPlatforms) = postSolution
		{304F2A22-F7C6-4FF9-A0C3-056B205551EE}.Debug|Any CPU.ActiveCfg = Debug|Any CPU
		{304F2A22-F7C6-4FF9-A0C3-056B205551EE}.Debug|Any CPU.Build.0 = Debug|Any CPU
		{304F2A22-F7C6-4FF9-A0C3-056B205551EE}.Release|Any CPU.ActiveCfg = Release|Any CPU
		{304F2A22-F7C6-4FF9-A0C3-056B205551EE}.Release|Any CPU.Build.0 = Release|Any CPU
	EndGlobalSection
	GlobalSection(SolutionProperties) = preSolution
		HideSolutionNode = FALSE
	EndGlobalSection
	GlobalSection(ExtensibilityGlobals) = postSolution
		SolutionGuid = {74FC6FF2-57E7-40F6-906F-656FF4D5464A}
	EndGlobalSection
EndGlobal
